{"1.1.0",
[{<<"conv_case">>,{pkg,<<"conv_case">>,<<"0.2.2">>},1},
 {<<"decimal">>,{pkg,<<"decimal">>,<<"1.8.1">>},1},
 {<<"jason">>,{pkg,<<"jason">>,<<"1.1.2">>},0},
 {<<"json_xema">>,{pkg,<<"json_xema">>,<<"0.4.0">>},0},
 {<<"xema">>,{pkg,<<"xema">>,<<"0.11.0">>},1}]}.
[
{pkg_hash,[
 {<<"conv_case">>, <<"5A98B74AB8F7DDBAD670E5C7BB39FF280E60699AA3B25C7062CECCF48137433C">>},
 {<<"decimal">>, <<"A4EF3F5F3428BDBC0D35374029FFCF4EDE8533536FA79896DD450168D9ACDF3C">>},
 {<<"jason">>, <<"B03DEDEA67A99223A2EAF9F1264CE37154564DE899FD3D8B9A21B1A6FD64AFE7">>},
 {<<"json_xema">>, <<"377446CD5C0E2CBBA52B9D7AB67C05579E6D4A788335220215A8870EAC821996">>},
 {<<"xema">>, <<"7B5118418633CFFC27092110D02D4FAEEA938149DD3F6C64299E41E747067E80">>}]}
].
